// !$*UTF8*$!
{
	archiveVersion = 1;
	classes = {
	};
	objectVersion = 46;
	objects = {

/* Begin PBXBuildFile section */
		24405C0E4549D5BAB9AD80B5 /* Pods_MrGGForm.framework in Frameworks */ = {isa = PBXBuildFile; fileRef = C7D3E3806E6B89E8BD2FE2E0 /* Pods_MrGGForm.framework */; };
		262EF711CB804C534FDE9A13 /* Pods_MrGGFormTests.framework in Frameworks */ = {isa = PBXBuildFile; fileRef = 7C6DE7BC8BEA612AB5ED341D /* Pods_MrGGFormTests.framework */; };
		4E2DC1461CE99B6000AB5841 /* Section.swift in Sources */ = {isa = PBXBuildFile; fileRef = 4E2DC1451CE99B6000AB5841 /* Section.swift */; };
		4E692ABC1CE852BA0019316C /* AppDelegate.swift in Sources */ = {isa = PBXBuildFile; fileRef = 4E692ABB1CE852BA0019316C /* AppDelegate.swift */; };
		4E692AC11CE852BA0019316C /* Main.storyboard in Resources */ = {isa = PBXBuildFile; fileRef = 4E692ABF1CE852BA0019316C /* Main.storyboard */; };
		4E692AC41CE852BA0019316C /* MrGGForm.xcdatamodeld in Sources */ = {isa = PBXBuildFile; fileRef = 4E692AC21CE852BA0019316C /* MrGGForm.xcdatamodeld */; };
		4E692AC61CE852BA0019316C /* Assets.xcassets in Resources */ = {isa = PBXBuildFile; fileRef = 4E692AC51CE852BA0019316C /* Assets.xcassets */; };
		4E692AC91CE852BA0019316C /* LaunchScreen.storyboard in Resources */ = {isa = PBXBuildFile; fileRef = 4E692AC71CE852BA0019316C /* LaunchScreen.storyboard */; };
		4E692AD41CE852BB0019316C /* MrGGFormTests.swift in Sources */ = {isa = PBXBuildFile; fileRef = 4E692AD31CE852BB0019316C /* MrGGFormTests.swift */; };
		4E692ADF1CE852BB0019316C /* MrGGFormUITests.swift in Sources */ = {isa = PBXBuildFile; fileRef = 4E692ADE1CE852BB0019316C /* MrGGFormUITests.swift */; };
		4E98FE521CE8F3B1002F1F95 /* FormStruct.json in Resources */ = {isa = PBXBuildFile; fileRef = 4E98FE511CE8F3B1002F1F95 /* FormStruct.json */; };
		4E98FE551CE8F945002F1F95 /* Form.swift in Sources */ = {isa = PBXBuildFile; fileRef = 4E98FE541CE8F945002F1F95 /* Form.swift */; };
		4E98FE591CE8F9D3002F1F95 /* Question.swift in Sources */ = {isa = PBXBuildFile; fileRef = 4E98FE581CE8F9D3002F1F95 /* Question.swift */; };
		4E98FE5C1CE91C27002F1F95 /* MrGGFormModelTest.swift in Sources */ = {isa = PBXBuildFile; fileRef = 4E98FE5B1CE91C27002F1F95 /* MrGGFormModelTest.swift */; };
		4EE975EB1CEC60A0008F5293 /* FormDataController.swift in Sources */ = {isa = PBXBuildFile; fileRef = 4EE975EA1CEC60A0008F5293 /* FormDataController.swift */; };
		C1A21C2C796F3B73AA8B6B09 /* Pods_MrGGFormUITests.framework in Frameworks */ = {isa = PBXBuildFile; fileRef = D4490240404E846883C106A9 /* Pods_MrGGFormUITests.framework */; };
/* End PBXBuildFile section */

/* Begin PBXContainerItemProxy section */
		4E692AD01CE852BB0019316C /* PBXContainerItemProxy */ = {
			isa = PBXContainerItemProxy;
			containerPortal = 4E692AB01CE852BA0019316C /* Project object */;
			proxyType = 1;
			remoteGlobalIDString = 4E692AB71CE852BA0019316C;
			remoteInfo = MrGGForm;
		};
		4E692ADB1CE852BB0019316C /* PBXContainerItemProxy */ = {
			isa = PBXContainerItemProxy;
			containerPortal = 4E692AB01CE852BA0019316C /* Project object */;
			proxyType = 1;
			remoteGlobalIDString = 4E692AB71CE852BA0019316C;
			remoteInfo = MrGGForm;
		};
/* End PBXContainerItemProxy section */

/* Begin PBXFileReference section */
		0721A621350A05707A51A1F4 /* Pods-MrGGFormUITests.debug.xcconfig */ = {isa = PBXFileReference; includeInIndex = 1; lastKnownFileType = text.xcconfig; name = "Pods-MrGGFormUITests.debug.xcconfig"; path = "Pods/Target Support Files/Pods-MrGGFormUITests/Pods-MrGGFormUITests.debug.xcconfig"; sourceTree = "<group>"; };
		4E2DC1451CE99B6000AB5841 /* Section.swift */ = {isa = PBXFileReference; fileEncoding = 4; lastKnownFileType = sourcecode.swift; path = Section.swift; sourceTree = "<group>"; };
		4E692AB81CE852BA0019316C /* MrGGForm.app */ = {isa = PBXFileReference; explicitFileType = wrapper.application; includeInIndex = 0; path = MrGGForm.app; sourceTree = BUILT_PRODUCTS_DIR; };
		4E692ABB1CE852BA0019316C /* AppDelegate.swift */ = {isa = PBXFileReference; lastKnownFileType = sourcecode.swift; path = AppDelegate.swift; sourceTree = "<group>"; };
		4E692AC01CE852BA0019316C /* Base */ = {isa = PBXFileReference; lastKnownFileType = file.storyboard; name = Base; path = Base.lproj/Main.storyboard; sourceTree = "<group>"; };
		4E692AC31CE852BA0019316C /* MrGGForm.xcdatamodel */ = {isa = PBXFileReference; lastKnownFileType = wrapper.xcdatamodel; path = MrGGForm.xcdatamodel; sourceTree = "<group>"; };
		4E692AC51CE852BA0019316C /* Assets.xcassets */ = {isa = PBXFileReference; lastKnownFileType = folder.assetcatalog; path = Assets.xcassets; sourceTree = "<group>"; };
		4E692AC81CE852BA0019316C /* Base */ = {isa = PBXFileReference; lastKnownFileType = file.storyboard; name = Base; path = Base.lproj/LaunchScreen.storyboard; sourceTree = "<group>"; };
		4E692ACA1CE852BA0019316C /* Info.plist */ = {isa = PBXFileReference; lastKnownFileType = text.plist.xml; path = Info.plist; sourceTree = "<group>"; };
		4E692ACF1CE852BB0019316C /* MrGGFormTests.xctest */ = {isa = PBXFileReference; explicitFileType = wrapper.cfbundle; includeInIndex = 0; path = MrGGFormTests.xctest; sourceTree = BUILT_PRODUCTS_DIR; };
		4E692AD31CE852BB0019316C /* MrGGFormTests.swift */ = {isa = PBXFileReference; lastKnownFileType = sourcecode.swift; path = MrGGFormTests.swift; sourceTree = "<group>"; };
		4E692AD51CE852BB0019316C /* Info.plist */ = {isa = PBXFileReference; lastKnownFileType = text.plist.xml; path = Info.plist; sourceTree = "<group>"; };
		4E692ADA1CE852BB0019316C /* MrGGFormUITests.xctest */ = {isa = PBXFileReference; explicitFileType = wrapper.cfbundle; includeInIndex = 0; path = MrGGFormUITests.xctest; sourceTree = BUILT_PRODUCTS_DIR; };
		4E692ADE1CE852BB0019316C /* MrGGFormUITests.swift */ = {isa = PBXFileReference; lastKnownFileType = sourcecode.swift; path = MrGGFormUITests.swift; sourceTree = "<group>"; };
		4E692AE01CE852BB0019316C /* Info.plist */ = {isa = PBXFileReference; lastKnownFileType = text.plist.xml; path = Info.plist; sourceTree = "<group>"; };
		4E98FE511CE8F3B1002F1F95 /* FormStruct.json */ = {isa = PBXFileReference; fileEncoding = 4; lastKnownFileType = text.json; path = FormStruct.json; sourceTree = "<group>"; };
		4E98FE541CE8F945002F1F95 /* Form.swift */ = {isa = PBXFileReference; fileEncoding = 4; lastKnownFileType = sourcecode.swift; path = Form.swift; sourceTree = "<group>"; };
		4E98FE581CE8F9D3002F1F95 /* Question.swift */ = {isa = PBXFileReference; fileEncoding = 4; lastKnownFileType = sourcecode.swift; path = Question.swift; sourceTree = "<group>"; };
		4E98FE5B1CE91C27002F1F95 /* MrGGFormModelTest.swift */ = {isa = PBXFileReference; fileEncoding = 4; lastKnownFileType = sourcecode.swift; path = MrGGFormModelTest.swift; sourceTree = "<group>"; };
		4EE975EA1CEC60A0008F5293 /* FormDataController.swift */ = {isa = PBXFileReference; fileEncoding = 4; lastKnownFileType = sourcecode.swift; path = FormDataController.swift; sourceTree = "<group>"; };
		7C6DE7BC8BEA612AB5ED341D /* Pods_MrGGFormTests.framework */ = {isa = PBXFileReference; explicitFileType = wrapper.framework; includeInIndex = 0; path = Pods_MrGGFormTests.framework; sourceTree = BUILT_PRODUCTS_DIR; };
		A20CCAA357DC8E54B0207797 /* Pods-MrGGFormTests.release.xcconfig */ = {isa = PBXFileReference; includeInIndex = 1; lastKnownFileType = text.xcconfig; name = "Pods-MrGGFormTests.release.xcconfig"; path = "Pods/Target Support Files/Pods-MrGGFormTests/Pods-MrGGFormTests.release.xcconfig"; sourceTree = "<group>"; };
		C7D3E3806E6B89E8BD2FE2E0 /* Pods_MrGGForm.framework */ = {isa = PBXFileReference; explicitFileType = wrapper.framework; includeInIndex = 0; path = Pods_MrGGForm.framework; sourceTree = BUILT_PRODUCTS_DIR; };
		D0D5A0C6D9101D389DD11B1C /* Pods-MrGGForm.release.xcconfig */ = {isa = PBXFileReference; includeInIndex = 1; lastKnownFileType = text.xcconfig; name = "Pods-MrGGForm.release.xcconfig"; path = "Pods/Target Support Files/Pods-MrGGForm/Pods-MrGGForm.release.xcconfig"; sourceTree = "<group>"; };
		D4490240404E846883C106A9 /* Pods_MrGGFormUITests.framework */ = {isa = PBXFileReference; explicitFileType = wrapper.framework; includeInIndex = 0; path = Pods_MrGGFormUITests.framework; sourceTree = BUILT_PRODUCTS_DIR; };
		D5B4EA87F8C688CEE24FB603 /* Pods-MrGGFormUITests.release.xcconfig */ = {isa = PBXFileReference; includeInIndex = 1; lastKnownFileType = text.xcconfig; name = "Pods-MrGGFormUITests.release.xcconfig"; path = "Pods/Target Support Files/Pods-MrGGFormUITests/Pods-MrGGFormUITests.release.xcconfig"; sourceTree = "<group>"; };
		F11D9EEBBBE286DFEB5DD5E0 /* Pods-MrGGForm.debug.xcconfig */ = {isa = PBXFileReference; includeInIndex = 1; lastKnownFileType = text.xcconfig; name = "Pods-MrGGForm.debug.xcconfig"; path = "Pods/Target Support Files/Pods-MrGGForm/Pods-MrGGForm.debug.xcconfig"; sourceTree = "<group>"; };
		F5F9A0A2A92A2EF42AC8D5E1 /* Pods-MrGGFormTests.debug.xcconfig */ = {isa = PBXFileReference; includeInIndex = 1; lastKnownFileType = text.xcconfig; name = "Pods-MrGGFormTests.debug.xcconfig"; path = "Pods/Target Support Files/Pods-MrGGFormTests/Pods-MrGGFormTests.debug.xcconfig"; sourceTree = "<group>"; };
/* End PBXFileReference section */

/* Begin PBXFrameworksBuildPhase section */
		4E692AB51CE852BA0019316C /* Frameworks */ = {
			isa = PBXFrameworksBuildPhase;
			buildActionMask = 2147483647;
			files = (
				24405C0E4549D5BAB9AD80B5 /* Pods_MrGGForm.framework in Frameworks */,
			);
			runOnlyForDeploymentPostprocessing = 0;
		};
		4E692ACC1CE852BB0019316C /* Frameworks */ = {
			isa = PBXFrameworksBuildPhase;
			buildActionMask = 2147483647;
			files = (
				262EF711CB804C534FDE9A13 /* Pods_MrGGFormTests.framework in Frameworks */,
			);
			runOnlyForDeploymentPostprocessing = 0;
		};
		4E692AD71CE852BB0019316C /* Frameworks */ = {
			isa = PBXFrameworksBuildPhase;
			buildActionMask = 2147483647;
			files = (
				C1A21C2C796F3B73AA8B6B09 /* Pods_MrGGFormUITests.framework in Frameworks */,
			);
			runOnlyForDeploymentPostprocessing = 0;
		};
/* End PBXFrameworksBuildPhase section */

/* Begin PBXGroup section */
		4E692AAF1CE852BA0019316C = {
			isa = PBXGroup;
			children = (
				4E692ABA1CE852BA0019316C /* MrGGForm */,
				4E692AD21CE852BB0019316C /* MrGGFormTests */,
				4E692ADD1CE852BB0019316C /* MrGGFormUITests */,
				4E692AB91CE852BA0019316C /* Products */,
				C175192F25875BDDAD8309CB /* Pods */,
				C5703BE5EA6AADF360B65796 /* Frameworks */,
			);
			sourceTree = "<group>";
		};
		4E692AB91CE852BA0019316C /* Products */ = {
			isa = PBXGroup;
			children = (
				4E692AB81CE852BA0019316C /* MrGGForm.app */,
				4E692ACF1CE852BB0019316C /* MrGGFormTests.xctest */,
				4E692ADA1CE852BB0019316C /* MrGGFormUITests.xctest */,
			);
			name = Products;
			sourceTree = "<group>";
		};
		4E692ABA1CE852BA0019316C /* MrGGForm */ = {
			isa = PBXGroup;
			children = (
				4E692ABB1CE852BA0019316C /* AppDelegate.swift */,
				4EE975E91CEC5FB8008F5293 /* ViewController */,
				4E98FE531CE8F92D002F1F95 /* DataController */,
				4E98FE561CE8F952002F1F95 /* Model */,
				4E98FE571CE8F95B002F1F95 /* Data */,
				4E692ABF1CE852BA0019316C /* Main.storyboard */,
				4E692AC51CE852BA0019316C /* Assets.xcassets */,
				4E692AC71CE852BA0019316C /* LaunchScreen.storyboard */,
				4E692ACA1CE852BA0019316C /* Info.plist */,
				4E692AC21CE852BA0019316C /* MrGGForm.xcdatamodeld */,
			);
			path = MrGGForm;
			sourceTree = "<group>";
		};
		4E692AD21CE852BB0019316C /* MrGGFormTests */ = {
			isa = PBXGroup;
			children = (
				4E692AD31CE852BB0019316C /* MrGGFormTests.swift */,
				4E98FE5B1CE91C27002F1F95 /* MrGGFormModelTest.swift */,
				4E692AD51CE852BB0019316C /* Info.plist */,
			);
			path = MrGGFormTests;
			sourceTree = "<group>";
		};
		4E692ADD1CE852BB0019316C /* MrGGFormUITests */ = {
			isa = PBXGroup;
			children = (
				4E692ADE1CE852BB0019316C /* MrGGFormUITests.swift */,
				4E692AE01CE852BB0019316C /* Info.plist */,
			);
			path = MrGGFormUITests;
			sourceTree = "<group>";
		};
		4E98FE531CE8F92D002F1F95 /* DataController */ = {
			isa = PBXGroup;
			children = (
				4EE975EA1CEC60A0008F5293 /* FormDataController.swift */,
			);
			name = DataController;
			sourceTree = "<group>";
		};
		4E98FE561CE8F952002F1F95 /* Model */ = {
			isa = PBXGroup;
			children = (
				4E98FE541CE8F945002F1F95 /* Form.swift */,
				4E2DC1451CE99B6000AB5841 /* Section.swift */,
				4E98FE581CE8F9D3002F1F95 /* Question.swift */,
			);
			name = Model;
			sourceTree = "<group>";
		};
		4E98FE571CE8F95B002F1F95 /* Data */ = {
			isa = PBXGroup;
			children = (
				4E98FE511CE8F3B1002F1F95 /* FormStruct.json */,
			);
			name = Data;
			sourceTree = "<group>";
		};
		4EE975E91CEC5FB8008F5293 /* ViewController */ = {
			isa = PBXGroup;
			children = (
			);
			name = ViewController;
			sourceTree = "<group>";
		};
		C175192F25875BDDAD8309CB /* Pods */ = {
			isa = PBXGroup;
			children = (
				F11D9EEBBBE286DFEB5DD5E0 /* Pods-MrGGForm.debug.xcconfig */,
				D0D5A0C6D9101D389DD11B1C /* Pods-MrGGForm.release.xcconfig */,
				F5F9A0A2A92A2EF42AC8D5E1 /* Pods-MrGGFormTests.debug.xcconfig */,
				A20CCAA357DC8E54B0207797 /* Pods-MrGGFormTests.release.xcconfig */,
				0721A621350A05707A51A1F4 /* Pods-MrGGFormUITests.debug.xcconfig */,
				D5B4EA87F8C688CEE24FB603 /* Pods-MrGGFormUITests.release.xcconfig */,
			);
			name = Pods;
			sourceTree = "<group>";
		};
		C5703BE5EA6AADF360B65796 /* Frameworks */ = {
			isa = PBXGroup;
			children = (
				C7D3E3806E6B89E8BD2FE2E0 /* Pods_MrGGForm.framework */,
				7C6DE7BC8BEA612AB5ED341D /* Pods_MrGGFormTests.framework */,
				D4490240404E846883C106A9 /* Pods_MrGGFormUITests.framework */,
			);
			name = Frameworks;
			sourceTree = "<group>";
		};
/* End PBXGroup section */

/* Begin PBXNativeTarget section */
		4E692AB71CE852BA0019316C /* MrGGForm */ = {
			isa = PBXNativeTarget;
			buildConfigurationList = 4E692AE31CE852BB0019316C /* Build configuration list for PBXNativeTarget "MrGGForm" */;
			buildPhases = (
				749A2EB235ADF0C89A1F7170 /* 📦 Check Pods Manifest.lock */,
				4E692AB41CE852BA0019316C /* Sources */,
				4E692AB51CE852BA0019316C /* Frameworks */,
				4E692AB61CE852BA0019316C /* Resources */,
				B9C1096DBF4A1FA101289AF5 /* 📦 Embed Pods Frameworks */,
				AD604F5B971B06A1E96F4A07 /* 📦 Copy Pods Resources */,
			);
			buildRules = (
			);
			dependencies = (
			);
			name = MrGGForm;
			productName = MrGGForm;
			productReference = 4E692AB81CE852BA0019316C /* MrGGForm.app */;
			productType = "com.apple.product-type.application";
		};
		4E692ACE1CE852BB0019316C /* MrGGFormTests */ = {
			isa = PBXNativeTarget;
			buildConfigurationList = 4E692AE61CE852BB0019316C /* Build configuration list for PBXNativeTarget "MrGGFormTests" */;
			buildPhases = (
				6855A49AE9B9CE68ED7AA352 /* 📦 Check Pods Manifest.lock */,
				4E692ACB1CE852BB0019316C /* Sources */,
				4E692ACC1CE852BB0019316C /* Frameworks */,
				4E692ACD1CE852BB0019316C /* Resources */,
				F1560B47E92208A3D9D54796 /* 📦 Embed Pods Frameworks */,
				AE90B5CB294178ABCA9F3AD3 /* 📦 Copy Pods Resources */,
			);
			buildRules = (
			);
			dependencies = (
				4E692AD11CE852BB0019316C /* PBXTargetDependency */,
			);
			name = MrGGFormTests;
			productName = MrGGFormTests;
			productReference = 4E692ACF1CE852BB0019316C /* MrGGFormTests.xctest */;
			productType = "com.apple.product-type.bundle.unit-test";
		};
		4E692AD91CE852BB0019316C /* MrGGFormUITests */ = {
			isa = PBXNativeTarget;
			buildConfigurationList = 4E692AE91CE852BB0019316C /* Build configuration list for PBXNativeTarget "MrGGFormUITests" */;
			buildPhases = (
				25A251ADB023E0E1517C957A /* 📦 Check Pods Manifest.lock */,
				4E692AD61CE852BB0019316C /* Sources */,
				4E692AD71CE852BB0019316C /* Frameworks */,
				4E692AD81CE852BB0019316C /* Resources */,
				C0923DD819C49C2CF64662CC /* 📦 Copy Pods Resources */,
			);
			buildRules = (
			);
			dependencies = (
				4E692ADC1CE852BB0019316C /* PBXTargetDependency */,
			);
			name = MrGGFormUITests;
			productName = MrGGFormUITests;
			productReference = 4E692ADA1CE852BB0019316C /* MrGGFormUITests.xctest */;
			productType = "com.apple.product-type.bundle.ui-testing";
		};
/* End PBXNativeTarget section */

/* Begin PBXProject section */
		4E692AB01CE852BA0019316C /* Project object */ = {
			isa = PBXProject;
			attributes = {
				LastSwiftUpdateCheck = 0730;
				LastUpgradeCheck = 0730;
				ORGANIZATIONNAME = "張子晏";
				TargetAttributes = {
					4E692AB71CE852BA0019316C = {
						CreatedOnToolsVersion = 7.3.1;
						DevelopmentTeam = 5T4G827M4A;
					};
					4E692ACE1CE852BB0019316C = {
						CreatedOnToolsVersion = 7.3.1;
						TestTargetID = 4E692AB71CE852BA0019316C;
					};
					4E692AD91CE852BB0019316C = {
						CreatedOnToolsVersion = 7.3.1;
						TestTargetID = 4E692AB71CE852BA0019316C;
					};
				};
			};
			buildConfigurationList = 4E692AB31CE852BA0019316C /* Build configuration list for PBXProject "MrGGForm" */;
			compatibilityVersion = "Xcode 3.2";
			developmentRegion = English;
			hasScannedForEncodings = 0;
			knownRegions = (
				en,
				Base,
			);
			mainGroup = 4E692AAF1CE852BA0019316C;
			productRefGroup = 4E692AB91CE852BA0019316C /* Products */;
			projectDirPath = "";
			projectRoot = "";
			targets = (
				4E692AB71CE852BA0019316C /* MrGGForm */,
				4E692ACE1CE852BB0019316C /* MrGGFormTests */,
				4E692AD91CE852BB0019316C /* MrGGFormUITests */,
			);
		};
/* End PBXProject section */

/* Begin PBXResourcesBuildPhase section */
		4E692AB61CE852BA0019316C /* Resources */ = {
			isa = PBXResourcesBuildPhase;
			buildActionMask = 2147483647;
			files = (
				4E98FE521CE8F3B1002F1F95 /* FormStruct.json in Resources */,
				4E692AC91CE852BA0019316C /* LaunchScreen.storyboard in Resources */,
				4E692AC61CE852BA0019316C /* Assets.xcassets in Resources */,
				4E692AC11CE852BA0019316C /* Main.storyboard in Resources */,
			);
			runOnlyForDeploymentPostprocessing = 0;
		};
		4E692ACD1CE852BB0019316C /* Resources */ = {
			isa = PBXResourcesBuildPhase;
			buildActionMask = 2147483647;
			files = (
			);
			runOnlyForDeploymentPostprocessing = 0;
		};
		4E692AD81CE852BB0019316C /* Resources */ = {
			isa = PBXResourcesBuildPhase;
			buildActionMask = 2147483647;
			files = (
			);
			runOnlyForDeploymentPostprocessing = 0;
		};
/* End PBXResourcesBuildPhase section */

/* Begin PBXShellScriptBuildPhase section */
		25A251ADB023E0E1517C957A /* 📦 Check Pods Manifest.lock */ = {
			isa = PBXShellScriptBuildPhase;
			buildActionMask = 2147483647;
			files = (
			);
			inputPaths = (
			);
			name = "📦 Check Pods Manifest.lock";
			outputPaths = (
			);
			runOnlyForDeploymentPostprocessing = 0;
			shellPath = /bin/sh;
			shellScript = "diff \"${PODS_ROOT}/../Podfile.lock\" \"${PODS_ROOT}/Manifest.lock\" > /dev/null\nif [[ $? != 0 ]] ; then\n    cat << EOM\nerror: The sandbox is not in sync with the Podfile.lock. Run 'pod install' or update your CocoaPods installation.\nEOM\n    exit 1\nfi\n";
			showEnvVarsInLog = 0;
		};
		6855A49AE9B9CE68ED7AA352 /* 📦 Check Pods Manifest.lock */ = {
			isa = PBXShellScriptBuildPhase;
			buildActionMask = 2147483647;
			files = (
			);
			inputPaths = (
			);
			name = "📦 Check Pods Manifest.lock";
			outputPaths = (
			);
			runOnlyForDeploymentPostprocessing = 0;
			shellPath = /bin/sh;
			shellScript = "diff \"${PODS_ROOT}/../Podfile.lock\" \"${PODS_ROOT}/Manifest.lock\" > /dev/null\nif [[ $? != 0 ]] ; then\n    cat << EOM\nerror: The sandbox is not in sync with the Podfile.lock. Run 'pod install' or update your CocoaPods installation.\nEOM\n    exit 1\nfi\n";
			showEnvVarsInLog = 0;
		};
		749A2EB235ADF0C89A1F7170 /* 📦 Check Pods Manifest.lock */ = {
			isa = PBXShellScriptBuildPhase;
			buildActionMask = 2147483647;
			files = (
			);
			inputPaths = (
			);
			name = "📦 Check Pods Manifest.lock";
			outputPaths = (
			);
			runOnlyForDeploymentPostprocessing = 0;
			shellPath = /bin/sh;
			shellScript = "diff \"${PODS_ROOT}/../Podfile.lock\" \"${PODS_ROOT}/Manifest.lock\" > /dev/null\nif [[ $? != 0 ]] ; then\n    cat << EOM\nerror: The sandbox is not in sync with the Podfile.lock. Run 'pod install' or update your CocoaPods installation.\nEOM\n    exit 1\nfi\n";
			showEnvVarsInLog = 0;
		};
		AD604F5B971B06A1E96F4A07 /* 📦 Copy Pods Resources */ = {
			isa = PBXShellScriptBuildPhase;
			buildActionMask = 2147483647;
			files = (
			);
			inputPaths = (
			);
			name = "📦 Copy Pods Resources";
			outputPaths = (
			);
			runOnlyForDeploymentPostprocessing = 0;
			shellPath = /bin/sh;
			shellScript = "\"${SRCROOT}/Pods/Target Support Files/Pods-MrGGForm/Pods-MrGGForm-resources.sh\"\n";
			showEnvVarsInLog = 0;
		};
		AE90B5CB294178ABCA9F3AD3 /* 📦 Copy Pods Resources */ = {
			isa = PBXShellScriptBuildPhase;
			buildActionMask = 2147483647;
			files = (
			);
			inputPaths = (
			);
			name = "📦 Copy Pods Resources";
			outputPaths = (
			);
			runOnlyForDeploymentPostprocessing = 0;
			shellPath = /bin/sh;
			shellScript = "\"${SRCROOT}/Pods/Target Support Files/Pods-MrGGFormTests/Pods-MrGGFormTests-resources.sh\"\n";
			showEnvVarsInLog = 0;
		};
		B9C1096DBF4A1FA101289AF5 /* 📦 Embed Pods Frameworks */ = {
			isa = PBXShellScriptBuildPhase;
			buildActionMask = 2147483647;
			files = (
			);
			inputPaths = (
			);
			name = "📦 Embed Pods Frameworks";
			outputPaths = (
			);
			runOnlyForDeploymentPostprocessing = 0;
			shellPath = /bin/sh;
			shellScript = "\"${SRCROOT}/Pods/Target Support Files/Pods-MrGGForm/Pods-MrGGForm-frameworks.sh\"\n";
			showEnvVarsInLog = 0;
		};
		C0923DD819C49C2CF64662CC /* 📦 Copy Pods Resources */ = {
			isa = PBXShellScriptBuildPhase;
			buildActionMask = 2147483647;
			files = (
			);
			inputPaths = (
			);
			name = "📦 Copy Pods Resources";
			outputPaths = (
			);
			runOnlyForDeploymentPostprocessing = 0;
			shellPath = /bin/sh;
			shellScript = "\"${SRCROOT}/Pods/Target Support Files/Pods-MrGGFormUITests/Pods-MrGGFormUITests-resources.sh\"\n";
			showEnvVarsInLog = 0;
		};
		F1560B47E92208A3D9D54796 /* 📦 Embed Pods Frameworks */ = {
			isa = PBXShellScriptBuildPhase;
			buildActionMask = 2147483647;
			files = (
			);
			inputPaths = (
			);
			name = "📦 Embed Pods Frameworks";
			outputPaths = (
			);
			runOnlyForDeploymentPostprocessing = 0;
			shellPath = /bin/sh;
			shellScript = "\"${SRCROOT}/Pods/Target Support Files/Pods-MrGGFormTests/Pods-MrGGFormTests-frameworks.sh\"\n";
			showEnvVarsInLog = 0;
		};
/* End PBXShellScriptBuildPhase section */

/* Begin PBXSourcesBuildPhase section */
		4E692AB41CE852BA0019316C /* Sources */ = {
			isa = PBXSourcesBuildPhase;
			buildActionMask = 2147483647;
			files = (
				4E98FE591CE8F9D3002F1F95 /* Question.swift in Sources */,
				4EE975EB1CEC60A0008F5293 /* FormDataController.swift in Sources */,
				4E692AC41CE852BA0019316C /* MrGGForm.xcdatamodeld in Sources */,
				4E98FE551CE8F945002F1F95 /* Form.swift in Sources */,
				4E2DC1461CE99B6000AB5841 /* Section.swift in Sources */,
				4E692ABC1CE852BA0019316C /* AppDelegate.swift in Sources */,
			);
			runOnlyForDeploymentPostprocessing = 0;
		};
		4E692ACB1CE852BB0019316C /* Sources */ = {
			isa = PBXSourcesBuildPhase;
			buildActionMask = 2147483647;
			files = (
				4E98FE5C1CE91C27002F1F95 /* MrGGFormModelTest.swift in Sources */,
				4E692AD41CE852BB0019316C /* MrGGFormTests.swift in Sources */,
			);
			runOnlyForDeploymentPostprocessing = 0;
		};
		4E692AD61CE852BB0019316C /* Sources */ = {
			isa = PBXSourcesBuildPhase;
			buildActionMask = 2147483647;
			files = (
				4E692ADF1CE852BB0019316C /* MrGGFormUITests.swift in Sources */,
			);
			runOnlyForDeploymentPostprocessing = 0;
		};
/* End PBXSourcesBuildPhase section */

/* Begin PBXTargetDependency section */
		4E692AD11CE852BB0019316C /* PBXTargetDependency */ = {
			isa = PBXTargetDependency;
			target = 4E692AB71CE852BA0019316C /* MrGGForm */;
			targetProxy = 4E692AD01CE852BB0019316C /* PBXContainerItemProxy */;
		};
		4E692ADC1CE852BB0019316C /* PBXTargetDependency */ = {
			isa = PBXTargetDependency;
			target = 4E692AB71CE852BA0019316C /* MrGGForm */;
			targetProxy = 4E692ADB1CE852BB0019316C /* PBXContainerItemProxy */;
		};
/* End PBXTargetDependency section */

/* Begin PBXVariantGroup section */
		4E692ABF1CE852BA0019316C /* Main.storyboard */ = {
			isa = PBXVariantGroup;
			children = (
				4E692AC01CE852BA0019316C /* Base */,
			);
			name = Main.storyboard;
			sourceTree = "<group>";
		};
		4E692AC71CE852BA0019316C /* LaunchScreen.storyboard */ = {
			isa = PBXVariantGroup;
			children = (
				4E692AC81CE852BA0019316C /* Base */,
			);
			name = LaunchScreen.storyboard;
			sourceTree = "<group>";
		};
/* End PBXVariantGroup section */

/* Begin XCBuildConfiguration section */
		4E692AE11CE852BB0019316C /* Debug */ = {
			isa = XCBuildConfiguration;
			buildSettings = {
				ALWAYS_SEARCH_USER_PATHS = NO;
				CLANG_ANALYZER_NONNULL = YES;
				CLANG_CXX_LANGUAGE_STANDARD = "gnu++0x";
				CLANG_CXX_LIBRARY = "libc++";
				CLANG_ENABLE_MODULES = YES;
				CLANG_ENABLE_OBJC_ARC = YES;
				CLANG_WARN_BOOL_CONVERSION = YES;
				CLANG_WARN_CONSTANT_CONVERSION = YES;
				CLANG_WARN_DIRECT_OBJC_ISA_USAGE = YES_ERROR;
				CLANG_WARN_EMPTY_BODY = YES;
				CLANG_WARN_ENUM_CONVERSION = YES;
				CLANG_WARN_INT_CONVERSION = YES;
				CLANG_WARN_OBJC_ROOT_CLASS = YES_ERROR;
				CLANG_WARN_UNREACHABLE_CODE = YES;
				CLANG_WARN__DUPLICATE_METHOD_MATCH = YES;
				"CODE_SIGN_IDENTITY[sdk=iphoneos*]" = "iPhone Developer";
				COPY_PHASE_STRIP = NO;
				DEBUG_INFORMATION_FORMAT = dwarf;
				ENABLE_STRICT_OBJC_MSGSEND = YES;
				ENABLE_TESTABILITY = YES;
				GCC_C_LANGUAGE_STANDARD = gnu99;
				GCC_DYNAMIC_NO_PIC = NO;
				GCC_NO_COMMON_BLOCKS = YES;
				GCC_OPTIMIZATION_LEVEL = 0;
				GCC_PREPROCESSOR_DEFINITIONS = (
					"DEBUG=1",
					"$(inherited)",
				);
				GCC_WARN_64_TO_32_BIT_CONVERSION = YES;
				GCC_WARN_ABOUT_RETURN_TYPE = YES_ERROR;
				GCC_WARN_UNDECLARED_SELECTOR = YES;
				GCC_WARN_UNINITIALIZED_AUTOS = YES_AGGRESSIVE;
				GCC_WARN_UNUSED_FUNCTION = YES;
				GCC_WARN_UNUSED_VARIABLE = YES;
				IPHONEOS_DEPLOYMENT_TARGET = 9.3;
				MTL_ENABLE_DEBUG_INFO = YES;
				ONLY_ACTIVE_ARCH = YES;
				SDKROOT = iphoneos;
				SWIFT_OPTIMIZATION_LEVEL = "-Onone";
				TARGETED_DEVICE_FAMILY = "1,2";
			};
			name = Debug;
		};
		4E692AE21CE852BB0019316C /* Release */ = {
			isa = XCBuildConfiguration;
			buildSettings = {
				ALWAYS_SEARCH_USER_PATHS = NO;
				CLANG_ANALYZER_NONNULL = YES;
				CLANG_CXX_LANGUAGE_STANDARD = "gnu++0x";
				CLANG_CXX_LIBRARY = "libc++";
				CLANG_ENABLE_MODULES = YES;
				CLANG_ENABLE_OBJC_ARC = YES;
				CLANG_WARN_BOOL_CONVERSION = YES;
				CLANG_WARN_CONSTANT_CONVERSION = YES;
				CLANG_WARN_DIRECT_OBJC_ISA_USAGE = YES_ERROR;
				CLANG_WARN_EMPTY_BODY = YES;
				CLANG_WARN_ENUM_CONVERSION = YES;
				CLANG_WARN_INT_CONVERSION = YES;
				CLANG_WARN_OBJC_ROOT_CLASS = YES_ERROR;
				CLANG_WARN_UNREACHABLE_CODE = YES;
				CLANG_WARN__DUPLICATE_METHOD_MATCH = YES;
				"CODE_SIGN_IDENTITY[sdk=iphoneos*]" = "iPhone Developer";
				COPY_PHASE_STRIP = NO;
				DEBUG_INFORMATION_FORMAT = "dwarf-with-dsym";
				ENABLE_NS_ASSERTIONS = NO;
				ENABLE_STRICT_OBJC_MSGSEND = YES;
				GCC_C_LANGUAGE_STANDARD = gnu99;
				GCC_NO_COMMON_BLOCKS = YES;
				GCC_WARN_64_TO_32_BIT_CONVERSION = YES;
				GCC_WARN_ABOUT_RETURN_TYPE = YES_ERROR;
				GCC_WARN_UNDECLARED_SELECTOR = YES;
				GCC_WARN_UNINITIALIZED_AUTOS = YES_AGGRESSIVE;
				GCC_WARN_UNUSED_FUNCTION = YES;
				GCC_WARN_UNUSED_VARIABLE = YES;
				IPHONEOS_DEPLOYMENT_TARGET = 9.3;
				MTL_ENABLE_DEBUG_INFO = NO;
				SDKROOT = iphoneos;
				TARGETED_DEVICE_FAMILY = "1,2";
				VALIDATE_PRODUCT = YES;
			};
			name = Release;
		};
		4E692AE41CE852BB0019316C /* Debug */ = {
			isa = XCBuildConfiguration;
			baseConfigurationReference = F11D9EEBBBE286DFEB5DD5E0 /* Pods-MrGGForm.debug.xcconfig */;
			buildSettings = {
				ASSETCATALOG_COMPILER_APPICON_NAME = AppIcon;
				CODE_SIGN_IDENTITY = "iPhone Developer";
				"CODE_SIGN_IDENTITY[sdk=iphoneos*]" = "iPhone Developer";
				INFOPLIST_FILE = MrGGForm/Info.plist;
				LD_RUNPATH_SEARCH_PATHS = "$(inherited) @executable_path/Frameworks";
				PRODUCT_BUNDLE_IDENTIFIER = NTUST.MrGGForm;
				PRODUCT_NAME = "$(TARGET_NAME)";
				PROVISIONING_PROFILE = "";
			};
			name = Debug;
		};
		4E692AE51CE852BB0019316C /* Release */ = {
			isa = XCBuildConfiguration;
			baseConfigurationReference = D0D5A0C6D9101D389DD11B1C /* Pods-MrGGForm.release.xcconfig */;
			buildSettings = {
				ASSETCATALOG_COMPILER_APPICON_NAME = AppIcon;
				CODE_SIGN_IDENTITY = "iPhone Developer";
				"CODE_SIGN_IDENTITY[sdk=iphoneos*]" = "iPhone Developer";
				INFOPLIST_FILE = MrGGForm/Info.plist;
				LD_RUNPATH_SEARCH_PATHS = "$(inherited) @executable_path/Frameworks";
				PRODUCT_BUNDLE_IDENTIFIER = NTUST.MrGGForm;
				PRODUCT_NAME = "$(TARGET_NAME)";
				PROVISIONING_PROFILE = "";
			};
			name = Release;
		};
		4E692AE71CE852BB0019316C /* Debug */ = {
			isa = XCBuildConfiguration;
			baseConfigurationReference = F5F9A0A2A92A2EF42AC8D5E1 /* Pods-MrGGFormTests.debug.xcconfig */;
			buildSettings = {
				BUNDLE_LOADER = "$(TEST_HOST)";
				INFOPLIST_FILE = MrGGFormTests/Info.plist;
				LD_RUNPATH_SEARCH_PATHS = "$(inherited) @executable_path/Frameworks @loader_path/Frameworks";
				PRODUCT_BUNDLE_IDENTIFIER = NTUST.MrGGFormTests;
				PRODUCT_NAME = "$(TARGET_NAME)";
				TEST_HOST = "$(BUILT_PRODUCTS_DIR)/MrGGForm.app/MrGGForm";
			};
			name = Debug;
		};
		4E692AE81CE852BB0019316C /* Release */ = {
			isa = XCBuildConfiguration;
			baseConfigurationReference = A20CCAA357DC8E54B0207797 /* Pods-MrGGFormTests.release.xcconfig */;
			buildSettings = {
				BUNDLE_LOADER = "$(TEST_HOST)";
				INFOPLIST_FILE = MrGGFormTests/Info.plist;
				LD_RUNPATH_SEARCH_PATHS = "$(inherited) @executable_path/Frameworks @loader_path/Frameworks";
				PRODUCT_BUNDLE_IDENTIFIER = NTUST.MrGGFormTests;
				PRODUCT_NAME = "$(TARGET_NAME)";
				TEST_HOST = "$(BUILT_PRODUCTS_DIR)/MrGGForm.app/MrGGForm";
			};
			name = Release;
		};
		4E692AEA1CE852BB0019316C /* Debug */ = {
			isa = XCBuildConfiguration;
			baseConfigurationReference = 0721A621350A05707A51A1F4 /* Pods-MrGGFormUITests.debug.xcconfig */;
			buildSettings = {
				INFOPLIST_FILE = MrGGFormUITests/Info.plist;
				LD_RUNPATH_SEARCH_PATHS = "$(inherited) @executable_path/Frameworks @loader_path/Frameworks";
				PRODUCT_BUNDLE_IDENTIFIER = NTUST.MrGGFormUITests;
				PRODUCT_NAME = "$(TARGET_NAME)";
				TEST_TARGET_NAME = MrGGForm;
			};
			name = Debug;
		};
		4E692AEB1CE852BB0019316C /* Release */ = {
			isa = XCBuildConfiguration;
			baseConfigurationReference = D5B4EA87F8C688CEE24FB603 /* Pods-MrGGFormUITests.release.xcconfig */;
			buildSettings = {
				INFOPLIST_FILE = MrGGFormUITests/Info.plist;
				LD_RUNPATH_SEARCH_PATHS = "$(inherited) @executable_path/Frameworks @loader_path/Frameworks";
				PRODUCT_BUNDLE_IDENTIFIER = NTUST.MrGGFormUITests;
				PRODUCT_NAME = "$(TARGET_NAME)";
				TEST_TARGET_NAME = MrGGForm;
			};
			name = Release;
		};
/* End XCBuildConfiguration section */

/* Begin XCConfigurationList section */
		4E692AB31CE852BA0019316C /* Build configuration list for PBXProject "MrGGForm" */ = {
			isa = XCConfigurationList;
			buildConfigurations = (
				4E692AE11CE852BB0019316C /* Debug */,
				4E692AE21CE852BB0019316C /* Release */,
			);
			defaultConfigurationIsVisible = 0;
			defaultConfigurationName = Release;
		};
		4E692AE31CE852BB0019316C /* Build configuration list for PBXNativeTarget "MrGGForm" */ = {
			isa = XCConfigurationList;
			buildConfigurations = (
				4E692AE41CE852BB0019316C /* Debug */,
				4E692AE51CE852BB0019316C /* Release */,
			);
			defaultConfigurationIsVisible = 0;
			defaultConfigurationName = Release;
		};
		4E692AE61CE852BB0019316C /* Build configuration list for PBXNativeTarget "MrGGFormTests" */ = {
			isa = XCConfigurationList;
			buildConfigurations = (
				4E692AE71CE852BB0019316C /* Debug */,
				4E692AE81CE852BB0019316C /* Release */,
			);
			defaultConfigurationIsVisible = 0;
			defaultConfigurationName = Release;
		};
		4E692AE91CE852BB0019316C /* Build configuration list for PBXNativeTarget "MrGGFormUITests" */ = {
			isa = XCConfigurationList;
			buildConfigurations = (
				4E692AEA1CE852BB0019316C /* Debug */,
				4E692AEB1CE852BB0019316C /* Release */,
			);
			defaultConfigurationIsVisible = 0;
			defaultConfigurationName = Release;
		};
/* End XCConfigurationList section */

/* Begin XCVersionGroup section */
		4E692AC21CE852BA0019316C /* MrGGForm.xcdatamodeld */ = {
			isa = XCVersionGroup;
			children = (
				4E692AC31CE852BA0019316C /* MrGGForm.xcdatamodel */,
			);
			currentVersion = 4E692AC31CE852BA0019316C /* MrGGForm.xcdatamodel */;
			path = MrGGForm.xcdatamodeld;
			sourceTree = "<group>";
			versionGroupType = wrapper.xcdatamodel;
		};
/* End XCVersionGroup section */
	};
	rootObject = 4E692AB01CE852BA0019316C /* Project object */;
}
